<?xml version="1.0" encoding="utf-8"?>
<Project ToolsVersion="4.0" xmlns="http://schemas.microsoft.com/developer/msbuild/2003">
  <ItemGroup>
    <Filter Include="Source Files">
      <UniqueIdentifier>{4FC737F1-C7A5-4376-A066-2A32D752A2FF}</UniqueIdentifier>
      <Extensions>qml;cpp;c;cc;cxx;def;odl;idl;hpj;bat;asm;asmx</Extensions>
    </Filter>
    <Filter Include="Header Files">
      <UniqueIdentifier>{93995380-89BD-4b04-88EB-625FBE52EBFB}</UniqueIdentifier>
      <Extensions>h;hh;hpp;hxx;hm;inl;inc;xsd</Extensions>
    </Filter>
    <Filter Include="Resource Files">
      <UniqueIdentifier>{67DA6AB6-F800-4c08-8B7A-83BB121AAD01}</UniqueIdentifier>
      <Extensions>qrc;rc;ico;cur;bmp;dlg;rc2;rct;bin;rgs;gif;jpg;jpeg;jpe;resx;tiff;tif;png;wav;mfcribbon-ms</Extensions>
    </Filter>
    <Filter Include="Form Files">
      <UniqueIdentifier>{99349809-55BA-4b9d-BF79-8FDBB0286EB3}</UniqueIdentifier>
      <Extensions>ui</Extensions>
    </Filter>
    <Filter Include="Translation Files">
      <UniqueIdentifier>{639EADAA-A684-42e4-A9AD-28FC9BCB8F7C}</UniqueIdentifier>
      <Extensions>ts</Extensions>
    </Filter>
    <Filter Include="Source Files\Dialog">
      <UniqueIdentifier>{907de5dd-9d72-43d9-878b-ed5c63efda58}</UniqueIdentifier>
    </Filter>
    <Filter Include="Source Files\Fitting">
      <UniqueIdentifier>{0228b5fb-2e7c-4182-8c71-b3ed44644c82}</UniqueIdentifier>
    </Filter>
    <Filter Include="Header Files\Fitting">
      <UniqueIdentifier>{a045d355-4c9a-4c64-bf8f-04dcf807a2c3}</UniqueIdentifier>
    </Filter>
    <Filter Include="Header Files\Dialog">
      <UniqueIdentifier>{22a253f7-5183-431b-996f-6d49a97e9d13}</UniqueIdentifier>
    </Filter>
    <Filter Include="Source Files\PreProcessing">
      <UniqueIdentifier>{aad94f04-2f64-4b3d-8688-4ceb7af7c32b}</UniqueIdentifier>
    </Filter>
    <Filter Include="Header Files\PreProcessing">
      <UniqueIdentifier>{87dab9a4-2510-481a-b8b2-b515ab9d2c0e}</UniqueIdentifier>
    </Filter>
    <Filter Include="Source Files\Measure">
      <UniqueIdentifier>{89b16e23-6cce-44ce-b1e0-491521f58481}</UniqueIdentifier>
    </Filter>
    <Filter Include="Header Files\Measure">
      <UniqueIdentifier>{da73059f-555b-48f4-8eb7-3e52d55a20f2}</UniqueIdentifier>
    </Filter>
    <Filter Include="Header Files\Basic">
      <UniqueIdentifier>{c3386ecc-5346-4f50-a65b-6e9bdb7ebabf}</UniqueIdentifier>
    </Filter>
    <Filter Include="Source Files\Basic">
      <UniqueIdentifier>{6985a9d1-7c33-4a18-afea-b0f4b752a66f}</UniqueIdentifier>
    </Filter>
    <Filter Include="Header Files\config">
      <UniqueIdentifier>{173d000d-de3a-4fe4-a4ac-071d76af4dc3}</UniqueIdentifier>
    </Filter>
  </ItemGroup>
  <ItemGroup>
    <QtRcc Include="CloudForgeAnalyzer.qrc">
      <Filter>Resource Files</Filter>
    </QtRcc>
    <QtUic Include="CloudForgeAnalyzer.ui">
      <Filter>Form Files</Filter>
    </QtUic>
  </ItemGroup>
  <ItemGroup>
    <ClCompile Include="Src\Linear_Depression_Plane.cpp">
      <Filter>Source Files</Filter>
    </ClCompile>
    <ClCompile Include="Src\PointCloudIncise.cpp">
      <Filter>Source Files</Filter>
    </ClCompile>
    <ClCompile Include="Src\Protrusion_Depression_Cylinder.cpp">
      <Filter>Source Files</Filter>
    </ClCompile>
    <ClCompile Include="Src\CloudForgeAnalyzer.cpp">
      <Filter>Source Files</Filter>
    </ClCompile>
    <ClCompile Include="Src\main.cpp">
      <Filter>Source Files</Filter>
    </ClCompile>
    <ClCompile Include="Src\Dialog\ParamDialog_ec.cpp">
      <Filter>Source Files\Dialog</Filter>
    </ClCompile>
    <ClCompile Include="Src\Dialog\ParamDialog_sor.cpp">
      <Filter>Source Files\Dialog</Filter>
    </ClCompile>
    <ClCompile Include="Src\Dialog\ParamDialog_vg.cpp">
      <Filter>Source Files\Dialog</Filter>
    </ClCompile>
    <ClCompile Include="Src\Dialog\RmCloudDialog.cpp">
      <Filter>Source Files\Dialog</Filter>
    </ClCompile>
    <ClCompile Include="Src\Dialog\SaveCloudDialog.cpp">
      <Filter>Source Files\Dialog</Filter>
    </ClCompile>
    <ClCompile Include="Src\PreProcessing\Cluster.cpp">
      <Filter>Source Files\PreProcessing</Filter>
    </ClCompile>
    <ClCompile Include="Src\PreProcessing\Filter_sor.cpp">
      <Filter>Source Files\PreProcessing</Filter>
    </ClCompile>
    <ClCompile Include="Src\PreProcessing\Filter_voxel.cpp">
      <Filter>Source Files\PreProcessing</Filter>
    </ClCompile>
    <ClCompile Include="Src\Fitting\Fit_Cylinder.cpp">
      <Filter>Source Files\Fitting</Filter>
    </ClCompile>
    <ClCompile Include="Src\Dialog\FitCloudDialog.cpp">
      <Filter>Source Files\Dialog</Filter>
    </ClCompile>
    <ClCompile Include="Src\Dialog\CloudSelectionDialog.cpp">
      <Filter>Source Files\Dialog</Filter>
    </ClCompile>
    <ClCompile Include="Src\Dialog\ParamDialog_FittingCylinder.cpp">
      <Filter>Source Files\Dialog</Filter>
    </ClCompile>
    <ClCompile Include="Src\Dialog\ParamDialogBase.cpp">
      <Filter>Source Files\Dialog</Filter>
    </ClCompile>
    <ClCompile Include="Src\Measure\MeasureArc.cpp">
      <Filter>Source Files\Measure</Filter>
    </ClCompile>
    <ClCompile Include="Src\Dialog\ParamDialog_measureArc.cpp">
      <Filter>Source Files\Dialog</Filter>
    </ClCompile>
    <ClCompile Include="Src\Measure\GeodesicArcMeasurer.cpp">
      <Filter>Source Files\Measure</Filter>
    </ClCompile>
    <ClCompile Include="Src\Basic\PointPicker.cpp">
      <Filter>Source Files\Basic</Filter>
    </ClCompile>
    <ClCompile Include="Src\Dialog\ChoseCloudDialog.cpp">
      <Filter>Source Files\Dialog</Filter>
    </ClCompile>
    <ClCompile Include="Src\Basic\PointPickerMgr.cpp">
      <Filter>Source Files\Basic</Filter>
    </ClCompile>
    <ClCompile Include="Src\Dialog\ParamDialogMeaArc.cpp">
      <Filter>Source Files\Dialog</Filter>
    </ClCompile>
    <ClCompile Include="Src\Dialog\ParamDialogCurvSeg.cpp">
      <Filter>Source Files\Dialog</Filter>
    </ClCompile>
    <ClCompile Include="Src\PreProcessing\CurvatureSegmentation.cpp">
      <Filter>Source Files\PreProcessing</Filter>
    </ClCompile>
    <ClCompile Include="Src\Basic\ColorManager.cpp">
      <Filter>Source Files\Basic</Filter>
    </ClCompile>
    <ClCompile Include="Src\Preprocessing\ProtrusionSegmentation.cpp">
      <Filter>Source Files\PreProcessing</Filter>
    </ClCompile>
    <ClCompile Include="Src\Dialog\ParamDialogProtrusion.cpp">
      <Filter>Source Files\Dialog</Filter>
    </ClCompile>
    <ClCompile Include="Src\Basic\ManualPolygonClipper.cpp">
      <Filter>Source Files\Basic</Filter>
    </ClCompile>
    <ClCompile Include="Src\Dialog\ParamDialog_FittingLine.cpp">
      <Filter>Source Files\Dialog</Filter>
    </ClCompile>
    <ClCompile Include="Src\Fitting\Fit_Line.cpp">
      <Filter>Source Files\Fitting</Filter>
    </ClCompile>
    <ClCompile Include="Src\Basic\Line.cpp">
      <Filter>Source Files\Basic</Filter>
    </ClCompile>
    <ClCompile Include="Src\Basic\funcs.cpp">
      <Filter>Source Files\Basic</Filter>
    </ClCompile>
    <ClCompile Include="Src\Dialog\LineSelectionDialog.cpp">
      <Filter>Source Files\Dialog</Filter>
    </ClCompile>
    <ClCompile Include="Src\Dialog\ChoseLineDialog.cpp">
      <Filter>Source Files\Dialog</Filter>
    </ClCompile>
    <ClCompile Include="Src\Measure\MeasurePallel.cpp">
      <Filter>Source Files\Measure</Filter>
    </ClCompile>
  </ItemGroup>
  <ItemGroup>
    <QtMoc Include="Inc\CloudForgeAnalyzer.h">
      <Filter>Header Files</Filter>
    </QtMoc>
    <QtMoc Include="Inc\PointCloudIncise.h">
      <Filter>Header Files</Filter>
    </QtMoc>
    <QtMoc Include="Inc\Dialog\ParamDialog_ec.h">
      <Filter>Header Files\Dialog</Filter>
    </QtMoc>
    <QtMoc Include="Inc\Dialog\ParamDialog_sor.h">
      <Filter>Header Files\Dialog</Filter>
    </QtMoc>
    <QtMoc Include="Inc\Dialog\ParamDialog_vg.h">
      <Filter>Header Files\Dialog</Filter>
    </QtMoc>
    <QtMoc Include="Inc\Dialog\SaveCloudDialog.h">
      <Filter>Header Files\Dialog</Filter>
    </QtMoc>
    <QtMoc Include="Inc\Dialog\ParamDialog_FittingCylinder.h">
      <Filter>Header Files\Dialog</Filter>
    </QtMoc>
    <QtMoc Include="Inc\Dialog\CloudSelectionDialog.h">
      <Filter>Header Files\Dialog</Filter>
    </QtMoc>
    <QtMoc Include="Inc\Dialog\ParamDialogBase.h">
      <Filter>Header Files\Dialog</Filter>
    </QtMoc>
    <QtMoc Include="Inc\Dialog\ParamDialog_measureArc.h">
      <Filter>Header Files\Dialog</Filter>
    </QtMoc>
    <QtMoc Include="Inc\Basic\PointPicker.h">
      <Filter>Header Files\Basic</Filter>
    </QtMoc>
    <QtMoc Include="Inc\Dialog\ChoseCloudDialog.h">
      <Filter>Header Files\Dialog</Filter>
    </QtMoc>
    <QtMoc Include="Inc\Basic\PointPickerMgr.h">
      <Filter>Header Files\Basic</Filter>
    </QtMoc>
    <QtMoc Include="Inc\Dialog\ParamDialogMeaArc.h">
      <Filter>Header Files\Dialog</Filter>
    </QtMoc>
    <QtMoc Include="Inc\Dialog\ParamDialogCurvSeg.h">
      <Filter>Header Files\Dialog</Filter>
    </QtMoc>
    <QtMoc Include="Inc\Dialog\​​ParamDialogProtrusion.h">
      <Filter>Header Files\Dialog</Filter>
    </QtMoc>
    <QtMoc Include="Inc\Basic\ManualPolygonClipper.h">
      <Filter>Header Files\Basic</Filter>
    </QtMoc>
    <QtMoc Include="Inc\Dialog\ParamDialog_FittingLine.h">
      <Filter>Header Files\Dialog</Filter>
    </QtMoc>
    <QtMoc Include="Inc\Dialog\LineSelectionDialog.h">
      <Filter>Header Files\Dialog</Filter>
    </QtMoc>
    <QtMoc Include="Inc\Dialog\ChoseLineDialog.h">
      <Filter>Header Files\Dialog</Filter>
    </QtMoc>
  </ItemGroup>
  <ItemGroup>
    <ClInclude Include="Inc\Linear_Depression_Plane.h">
      <Filter>Header Files</Filter>
    </ClInclude>
    <ClInclude Include="Inc\Protrusion_Depression_Cylinder.h">
      <Filter>Header Files</Filter>
    </ClInclude>
    <ClInclude Include="Inc\Dialog\Dialog.h">
      <Filter>Header Files\Dialog</Filter>
    </ClInclude>
    <ClInclude Include="Inc\PreProcessing\Cluster.h">
      <Filter>Header Files\PreProcessing</Filter>
    </ClInclude>
    <ClInclude Include="Inc\PreProcessing\Filter_sor.h">
      <Filter>Header Files\PreProcessing</Filter>
    </ClInclude>
    <ClInclude Include="Inc\PreProcessing\Filter_voxel.h">
      <Filter>Header Files\PreProcessing</Filter>
    </ClInclude>
    <ClInclude Include="Inc\PreProcessing\headers.h">
      <Filter>Header Files\PreProcessing</Filter>
    </ClInclude>
    <ClInclude Include="Inc\PreProcessing\PreProcessing.h">
      <Filter>Header Files\PreProcessing</Filter>
    </ClInclude>
    <ClInclude Include="Inc\Dialog\headers.h">
      <Filter>Header Files\Dialog</Filter>
    </ClInclude>
    <ClInclude Include="Inc\Fitting\Fit_Cylinder.h">
      <Filter>Header Files\Fitting</Filter>
    </ClInclude>
    <ClInclude Include="Inc\Fitting\Fitting.h">
      <Filter>Header Files\Fitting</Filter>
    </ClInclude>
    <ClInclude Include="Inc\Dialog\RmCloudDialog.h">
      <Filter>Header Files\Dialog</Filter>
    </ClInclude>
    <ClInclude Include="Inc\Dialog\FitCloudDialog.h">
      <Filter>Header Files\Dialog</Filter>
    </ClInclude>
    <ClInclude Include="Inc\Measure\MeasureArc.h">
      <Filter>Header Files\Measure</Filter>
    </ClInclude>
    <ClInclude Include="Inc\Measure\GeodesicArcMeasurer.h">
      <Filter>Header Files\Measure</Filter>
    </ClInclude>
    <ClInclude Include="Inc\PreProcessing\CurvatureSegmentation.h">
      <Filter>Header Files\PreProcessing</Filter>
    </ClInclude>
    <ClInclude Include="Inc\Basic\Basic.h">
      <Filter>Header Files\Basic</Filter>
    </ClInclude>
    <ClInclude Include="Inc\Basic\ColorManager.h">
      <Filter>Header Files\Basic</Filter>
    </ClInclude>
    <ClInclude Include="Inc\Measure\Measure.h">
      <Filter>Header Files\Measure</Filter>
    </ClInclude>
    <ClInclude Include="Inc\config\pcl114.h">
      <Filter>Header Files\config</Filter>
    </ClInclude>
    <ClInclude Include="Inc\config\qt6.h">
      <Filter>Header Files\config</Filter>
    </ClInclude>
    <ClInclude Include="Inc\config\vtk9.h">
      <Filter>Header Files\config</Filter>
    </ClInclude>
    <ClInclude Include="Inc\Preprocessing\ProtrusionSegmentation.h">
      <Filter>Header Files\PreProcessing</Filter>
    </ClInclude>
    <ClInclude Include="Inc\Fitting\Fit_Line.h">
      <Filter>Header Files\Fitting</Filter>
    </ClInclude>
    <ClInclude Include="Inc\Basic\Line.h">
      <Filter>Header Files\Basic</Filter>
    </ClInclude>
    <ClInclude Include="Inc\Basic\funcs.h">
      <Filter>Header Files\Basic</Filter>
    </ClInclude>
    <ClInclude Include="Inc\Measure\MeasurePallel.h">
      <Filter>Header Files\Measure</Filter>
    </ClInclude>
  </ItemGroup>
</Project>